{
  "name": "Facility hardware overview",
  "lockfileVersion": 3,
  "requires": true,
  "packages": {
    "": {
      "dependencies": {
        "@tylertech/tyler-icons": "^2.0.4"
      }
    },
    "node_modules/@tylertech/tyler-icons": {
      "version": "2.0.4",
      "resolved": "https://registry.npmjs.org/@tylertech/tyler-icons/-/tyler-icons-2.0.4.tgz",
      "integrity": "sha512-CyYcR9I62m4jJqDocJwgSuil/VkugdGGWubTZEJvbx1bXSbEZOST5W33H2GFqkTPmNOUB4na+zptj3puz1NxRA==",
      "license": "Apache-2.0"
    }
  }
}
