{
  "name": "Facility hardware overview",
  "lockfileVersion": 3,
  "requires": true,
  "packages": {
    "": {
      "dependencies": {
        "@tylertech/tyler-icons": "^2.0.2"
      }
    },
    "node_modules/@tylertech/tyler-icons": {
      "version": "2.0.2",
      "resolved": "https://registry.npmjs.org/@tylertech/tyler-icons/-/tyler-icons-2.0.2.tgz",
      "integrity": "sha512-4DOHRnxOdrcWVYnSFObYG1Tg0r7kdGZv6h3o3i2tGA1wvHN8bgPJ9LFhpRJyR9Ked0m1OlpLHgK9UkGp+w5BhQ==",
      "license": "Apache-2.0"
    }
  }
}
